// !$*UTF8*$!
{
	archiveVersion = 1;
	classes = {
	};
	objectVersion = 46;
	objects = {

/* Begin PBXBuildFile section */
		BC1A48E354CC2A8C8D2F67B6 /* Pods.framework in Frameworks */ = {isa = PBXBuildFile; fileRef = 8C77538E18026145ADD8FD3C /* Pods.framework */; settings = {ATTRIBUTES = (Weak, ); }; };
		C64E1C741B14F21A00B881CF /* Track.swift in Sources */ = {isa = PBXBuildFile; fileRef = C64E1C731B14F21A00B881CF /* Track.swift */; };
		C64E1C771B14F22500B881CF /* PlayerViewController.swift in Sources */ = {isa = PBXBuildFile; fileRef = C64E1C751B14F22500B881CF /* PlayerViewController.swift */; };
		C64E1C781B14F22500B881CF /* TrackGridViewController.swift in Sources */ = {isa = PBXBuildFile; fileRef = C64E1C761B14F22500B881CF /* TrackGridViewController.swift */; };
		C64E1C7A1B14F26200B881CF /* Main.storyboard in Resources */ = {isa = PBXBuildFile; fileRef = C64E1C791B14F26200B881CF /* Main.storyboard */; };
		C64E1C7C1B150A3D00B881CF /* SettingsViewController.swift in Sources */ = {isa = PBXBuildFile; fileRef = C64E1C7B1B150A3D00B881CF /* SettingsViewController.swift */; };
		C65847C11B13B09C003A5F0C /* AppDelegate.swift in Sources */ = {isa = PBXBuildFile; fileRef = C65847C01B13B09C003A5F0C /* AppDelegate.swift */; };
		C65847C81B13B09C003A5F0C /* Images.xcassets in Resources */ = {isa = PBXBuildFile; fileRef = C65847C71B13B09C003A5F0C /* Images.xcassets */; };
		C65847CB1B13B09C003A5F0C /* LaunchScreen.xib in Resources */ = {isa = PBXBuildFile; fileRef = C65847C91B13B09C003A5F0C /* LaunchScreen.xib */; };
		C65847D71B13B09C003A5F0C /* RedditMusicTests.swift in Sources */ = {isa = PBXBuildFile; fileRef = C65847D61B13B09C003A5F0C /* RedditMusicTests.swift */; };
/* End PBXBuildFile section */

/* Begin PBXContainerItemProxy section */
		C65847D11B13B09C003A5F0C /* PBXContainerItemProxy */ = {
			isa = PBXContainerItemProxy;
			containerPortal = C65847B31B13B09C003A5F0C /* Project object */;
			proxyType = 1;
			remoteGlobalIDString = C65847BA1B13B09C003A5F0C;
			remoteInfo = RedditMusic;
		};
/* End PBXContainerItemProxy section */

/* Begin PBXFileReference section */
		2578B74674507D082E9676C8 /* Pods.debug.xcconfig */ = {isa = PBXFileReference; includeInIndex = 1; lastKnownFileType = text.xcconfig; name = Pods.debug.xcconfig; path = "Pods/Target Support Files/Pods/Pods.debug.xcconfig"; sourceTree = "<group>"; };
		8C77538E18026145ADD8FD3C /* Pods.framework */ = {isa = PBXFileReference; explicitFileType = wrapper.framework; includeInIndex = 0; path = Pods.framework; sourceTree = BUILT_PRODUCTS_DIR; };
		C64E1C731B14F21A00B881CF /* Track.swift */ = {isa = PBXFileReference; fileEncoding = 4; lastKnownFileType = sourcecode.swift; path = Track.swift; sourceTree = "<group>"; };
		C64E1C751B14F22500B881CF /* PlayerViewController.swift */ = {isa = PBXFileReference; fileEncoding = 4; lastKnownFileType = sourcecode.swift; path = PlayerViewController.swift; sourceTree = "<group>"; };
		C64E1C761B14F22500B881CF /* TrackGridViewController.swift */ = {isa = PBXFileReference; fileEncoding = 4; lastKnownFileType = sourcecode.swift; path = TrackGridViewController.swift; sourceTree = "<group>"; };
		C64E1C791B14F26200B881CF /* Main.storyboard */ = {isa = PBXFileReference; fileEncoding = 4; lastKnownFileType = file.storyboard; path = Main.storyboard; sourceTree = "<group>"; };
		C64E1C7B1B150A3D00B881CF /* SettingsViewController.swift */ = {isa = PBXFileReference; fileEncoding = 4; lastKnownFileType = sourcecode.swift; path = SettingsViewController.swift; sourceTree = "<group>"; };
		C65847BB1B13B09C003A5F0C /* RedditMusic.app */ = {isa = PBXFileReference; explicitFileType = wrapper.application; includeInIndex = 0; path = RedditMusic.app; sourceTree = BUILT_PRODUCTS_DIR; };
		C65847BF1B13B09C003A5F0C /* Info.plist */ = {isa = PBXFileReference; lastKnownFileType = text.plist.xml; path = Info.plist; sourceTree = "<group>"; };
		C65847C01B13B09C003A5F0C /* AppDelegate.swift */ = {isa = PBXFileReference; lastKnownFileType = sourcecode.swift; path = AppDelegate.swift; sourceTree = "<group>"; };
		C65847C71B13B09C003A5F0C /* Images.xcassets */ = {isa = PBXFileReference; lastKnownFileType = folder.assetcatalog; path = Images.xcassets; sourceTree = "<group>"; };
		C65847CA1B13B09C003A5F0C /* Base */ = {isa = PBXFileReference; lastKnownFileType = file.xib; name = Base; path = Base.lproj/LaunchScreen.xib; sourceTree = "<group>"; };
		C65847D01B13B09C003A5F0C /* RedditMusicTests.xctest */ = {isa = PBXFileReference; explicitFileType = wrapper.cfbundle; includeInIndex = 0; path = RedditMusicTests.xctest; sourceTree = BUILT_PRODUCTS_DIR; };
		C65847D51B13B09C003A5F0C /* Info.plist */ = {isa = PBXFileReference; lastKnownFileType = text.plist.xml; path = Info.plist; sourceTree = "<group>"; };
		C65847D61B13B09C003A5F0C /* RedditMusicTests.swift */ = {isa = PBXFileReference; lastKnownFileType = sourcecode.swift; path = RedditMusicTests.swift; sourceTree = "<group>"; };
		D8C03F21780D3B93D2AFCF38 /* Pods.release.xcconfig */ = {isa = PBXFileReference; includeInIndex = 1; lastKnownFileType = text.xcconfig; name = Pods.release.xcconfig; path = "Pods/Target Support Files/Pods/Pods.release.xcconfig"; sourceTree = "<group>"; };
/* End PBXFileReference section */

/* Begin PBXFrameworksBuildPhase section */
		C65847B81B13B09C003A5F0C /* Frameworks */ = {
			isa = PBXFrameworksBuildPhase;
			buildActionMask = 2147483647;
			files = (
				BC1A48E354CC2A8C8D2F67B6 /* Pods.framework in Frameworks */,
			);
			runOnlyForDeploymentPostprocessing = 0;
		};
		C65847CD1B13B09C003A5F0C /* Frameworks */ = {
			isa = PBXFrameworksBuildPhase;
			buildActionMask = 2147483647;
			files = (
			);
			runOnlyForDeploymentPostprocessing = 0;
		};
/* End PBXFrameworksBuildPhase section */

/* Begin PBXGroup section */
		4F18DB41BE7B73EBD92DE11A /* Frameworks */ = {
			isa = PBXGroup;
			children = (
				8C77538E18026145ADD8FD3C /* Pods.framework */,
			);
			name = Frameworks;
			sourceTree = "<group>";
		};
		C64E1C6F1B14F1D600B881CF /* Models */ = {
			isa = PBXGroup;
			children = (
				C64E1C731B14F21A00B881CF /* Track.swift */,
			);
			path = Models;
			sourceTree = "<group>";
		};
		C64E1C701B14F1DE00B881CF /* Views */ = {
			isa = PBXGroup;
			children = (
				C64E1C791B14F26200B881CF /* Main.storyboard */,
				C65847C91B13B09C003A5F0C /* LaunchScreen.xib */,
			);
			path = Views;
			sourceTree = "<group>";
		};
		C64E1C711B14F1E600B881CF /* Controllers */ = {
			isa = PBXGroup;
			children = (
				C65847C01B13B09C003A5F0C /* AppDelegate.swift */,
			);
			path = Controllers;
			sourceTree = "<group>";
		};
		C64E1C721B14F1EF00B881CF /* ViewControllers */ = {
			isa = PBXGroup;
			children = (
				C64E1C751B14F22500B881CF /* PlayerViewController.swift */,
				C64E1C761B14F22500B881CF /* TrackGridViewController.swift */,
				C64E1C7B1B150A3D00B881CF /* SettingsViewController.swift */,
			);
			path = ViewControllers;
			sourceTree = "<group>";
		};
		C65847B21B13B09C003A5F0C = {
			isa = PBXGroup;
			children = (
				C65847BD1B13B09C003A5F0C /* RedditMusic */,
				C65847D31B13B09C003A5F0C /* RedditMusicTests */,
				C65847BC1B13B09C003A5F0C /* Products */,
				E3885F5A38E6A92638AE7DE4 /* Pods */,
				4F18DB41BE7B73EBD92DE11A /* Frameworks */,
			);
			sourceTree = "<group>";
		};
		C65847BC1B13B09C003A5F0C /* Products */ = {
			isa = PBXGroup;
			children = (
				C65847BB1B13B09C003A5F0C /* RedditMusic.app */,
				C65847D01B13B09C003A5F0C /* RedditMusicTests.xctest */,
			);
			name = Products;
			sourceTree = "<group>";
		};
		C65847BD1B13B09C003A5F0C /* RedditMusic */ = {
			isa = PBXGroup;
			children = (
				C64E1C721B14F1EF00B881CF /* ViewControllers */,
				C64E1C711B14F1E600B881CF /* Controllers */,
				C64E1C701B14F1DE00B881CF /* Views */,
				C64E1C6F1B14F1D600B881CF /* Models */,
				C65847C71B13B09C003A5F0C /* Images.xcassets */,
				C65847BE1B13B09C003A5F0C /* Supporting Files */,
			);
			path = RedditMusic;
			sourceTree = "<group>";
		};
		C65847BE1B13B09C003A5F0C /* Supporting Files */ = {
			isa = PBXGroup;
			children = (
				C65847BF1B13B09C003A5F0C /* Info.plist */,
			);
			path = "Supporting Files";
			sourceTree = "<group>";
		};
		C65847D31B13B09C003A5F0C /* RedditMusicTests */ = {
			isa = PBXGroup;
			children = (
				C65847D61B13B09C003A5F0C /* RedditMusicTests.swift */,
				C65847D41B13B09C003A5F0C /* Supporting Files */,
			);
			path = RedditMusicTests;
			sourceTree = "<group>";
		};
		C65847D41B13B09C003A5F0C /* Supporting Files */ = {
			isa = PBXGroup;
			children = (
				C65847D51B13B09C003A5F0C /* Info.plist */,
			);
			path = "Supporting Files";
			sourceTree = "<group>";
		};
		E3885F5A38E6A92638AE7DE4 /* Pods */ = {
			isa = PBXGroup;
			children = (
				2578B74674507D082E9676C8 /* Pods.debug.xcconfig */,
				D8C03F21780D3B93D2AFCF38 /* Pods.release.xcconfig */,
			);
			name = Pods;
			sourceTree = "<group>";
		};
/* End PBXGroup section */

/* Begin PBXNativeTarget section */
		C65847BA1B13B09C003A5F0C /* RedditMusic */ = {
			isa = PBXNativeTarget;
			buildConfigurationList = C65847DA1B13B09C003A5F0C /* Build configuration list for PBXNativeTarget "RedditMusic" */;
			buildPhases = (
				6460D0D35E2C5F7F7D1E7D77 /* Check Pods Manifest.lock */,
				C65847B71B13B09C003A5F0C /* Sources */,
				C65847B81B13B09C003A5F0C /* Frameworks */,
				C65847B91B13B09C003A5F0C /* Resources */,
				005F3DB7FDABBF26E9C28FB6 /* Embed Pods Frameworks */,
				2B191A3CCC636D82486F13E0 /* Copy Pods Resources */,
			);
			buildRules = (
			);
			dependencies = (
			);
			name = RedditMusic;
			productName = RedditMusic;
			productReference = C65847BB1B13B09C003A5F0C /* RedditMusic.app */;
			productType = "com.apple.product-type.application";
		};
		C65847CF1B13B09C003A5F0C /* RedditMusicTests */ = {
			isa = PBXNativeTarget;
			buildConfigurationList = C65847DD1B13B09C003A5F0C /* Build configuration list for PBXNativeTarget "RedditMusicTests" */;
			buildPhases = (
				C65847CC1B13B09C003A5F0C /* Sources */,
				C65847CD1B13B09C003A5F0C /* Frameworks */,
				C65847CE1B13B09C003A5F0C /* Resources */,
				C693AF9D1B165D6900FD0355 /* ShellScript */,
			);
			buildRules = (
			);
			dependencies = (
				C65847D21B13B09C003A5F0C /* PBXTargetDependency */,
			);
			name = RedditMusicTests;
			productName = RedditMusicTests;
			productReference = C65847D01B13B09C003A5F0C /* RedditMusicTests.xctest */;
			productType = "com.apple.product-type.bundle.unit-test";
		};
/* End PBXNativeTarget section */

/* Begin PBXProject section */
		C65847B31B13B09C003A5F0C /* Project object */ = {
			isa = PBXProject;
			attributes = {
				LastUpgradeCheck = 0630;
				ORGANIZATIONNAME = Polyon;
				TargetAttributes = {
					C65847BA1B13B09C003A5F0C = {
						CreatedOnToolsVersion = 6.3.2;
					};
					C65847CF1B13B09C003A5F0C = {
						CreatedOnToolsVersion = 6.3.2;
						TestTargetID = C65847BA1B13B09C003A5F0C;
					};
				};
			};
			buildConfigurationList = C65847B61B13B09C003A5F0C /* Build configuration list for PBXProject "RedditMusic" */;
			compatibilityVersion = "Xcode 3.2";
			developmentRegion = English;
			hasScannedForEncodings = 0;
			knownRegions = (
				en,
				Base,
			);
			mainGroup = C65847B21B13B09C003A5F0C;
			productRefGroup = C65847BC1B13B09C003A5F0C /* Products */;
			projectDirPath = "";
			projectRoot = "";
			targets = (
				C65847BA1B13B09C003A5F0C /* RedditMusic */,
				C65847CF1B13B09C003A5F0C /* RedditMusicTests */,
			);
		};
/* End PBXProject section */

/* Begin PBXResourcesBuildPhase section */
		C65847B91B13B09C003A5F0C /* Resources */ = {
			isa = PBXResourcesBuildPhase;
			buildActionMask = 2147483647;
			files = (
				C64E1C7A1B14F26200B881CF /* Main.storyboard in Resources */,
				C65847CB1B13B09C003A5F0C /* LaunchScreen.xib in Resources */,
				C65847C81B13B09C003A5F0C /* Images.xcassets in Resources */,
			);
			runOnlyForDeploymentPostprocessing = 0;
		};
		C65847CE1B13B09C003A5F0C /* Resources */ = {
			isa = PBXResourcesBuildPhase;
			buildActionMask = 2147483647;
			files = (
			);
			runOnlyForDeploymentPostprocessing = 0;
		};
/* End PBXResourcesBuildPhase section */

/* Begin PBXShellScriptBuildPhase section */
		005F3DB7FDABBF26E9C28FB6 /* Embed Pods Frameworks */ = {
			isa = PBXShellScriptBuildPhase;
			buildActionMask = 2147483647;
			files = (
			);
			inputPaths = (
			);
			name = "Embed Pods Frameworks";
			outputPaths = (
			);
			runOnlyForDeploymentPostprocessing = 0;
			shellPath = /bin/sh;
			shellScript = "\"${SRCROOT}/Pods/Target Support Files/Pods/Pods-frameworks.sh\"\n";
			showEnvVarsInLog = 0;
		};
		2B191A3CCC636D82486F13E0 /* Copy Pods Resources */ = {
			isa = PBXShellScriptBuildPhase;
			buildActionMask = 2147483647;
			files = (
			);
			inputPaths = (
			);
			name = "Copy Pods Resources";
			outputPaths = (
			);
			runOnlyForDeploymentPostprocessing = 0;
			shellPath = /bin/sh;
			shellScript = "\"${SRCROOT}/Pods/Target Support Files/Pods/Pods-resources.sh\"\n";
			showEnvVarsInLog = 0;
		};
		6460D0D35E2C5F7F7D1E7D77 /* Check Pods Manifest.lock */ = {
			isa = PBXShellScriptBuildPhase;
			buildActionMask = 2147483647;
			files = (
			);
			inputPaths = (
			);
			name = "Check Pods Manifest.lock";
			outputPaths = (
			);
			runOnlyForDeploymentPostprocessing = 0;
			shellPath = /bin/sh;
			shellScript = "diff \"${PODS_ROOT}/../Podfile.lock\" \"${PODS_ROOT}/Manifest.lock\" > /dev/null\nif [[ $? != 0 ]] ; then\n    cat << EOM\nerror: The sandbox is not in sync with the Podfile.lock. Run 'pod install' or update your CocoaPods installation.\nEOM\n    exit 1\nfi\n";
			showEnvVarsInLog = 0;
		};
		C693AF9D1B165D6900FD0355 /* ShellScript */ = {
			isa = PBXShellScriptBuildPhase;
			buildActionMask = 2147483647;
			files = (
			);
			inputPaths = (
				"$(SRCROOT)/RedditMusic",
			);
			outputPaths = (
			);
			runOnlyForDeploymentPostprocessing = 0;
			shellPath = "/usr/local/bin/swiftlint lint";
			shellScript = "";
		};
/* End PBXShellScriptBuildPhase section */

/* Begin PBXSourcesBuildPhase section */
		C65847B71B13B09C003A5F0C /* Sources */ = {
			isa = PBXSourcesBuildPhase;
			buildActionMask = 2147483647;
			files = (
				C65847C11B13B09C003A5F0C /* AppDelegate.swift in Sources */,
				C64E1C741B14F21A00B881CF /* Track.swift in Sources */,
				C64E1C781B14F22500B881CF /* TrackGridViewController.swift in Sources */,
				C64E1C7C1B150A3D00B881CF /* SettingsViewController.swift in Sources */,
				C64E1C771B14F22500B881CF /* PlayerViewController.swift in Sources */,
			);
			runOnlyForDeploymentPostprocessing = 0;
		};
		C65847CC1B13B09C003A5F0C /* Sources */ = {
			isa = PBXSourcesBuildPhase;
			buildActionMask = 2147483647;
			files = (
				C65847D71B13B09C003A5F0C /* RedditMusicTests.swift in Sources */,
			);
			runOnlyForDeploymentPostprocessing = 0;
		};
/* End PBXSourcesBuildPhase section */

/* Begin PBXTargetDependency section */
		C65847D21B13B09C003A5F0C /* PBXTargetDependency */ = {
			isa = PBXTargetDependency;
			target = C65847BA1B13B09C003A5F0C /* RedditMusic */;
			targetProxy = C65847D11B13B09C003A5F0C /* PBXContainerItemProxy */;
		};
/* End PBXTargetDependency section */

/* Begin PBXVariantGroup section */
		C65847C91B13B09C003A5F0C /* LaunchScreen.xib */ = {
			isa = PBXVariantGroup;
			children = (
				C65847CA1B13B09C003A5F0C /* Base */,
			);
			name = LaunchScreen.xib;
			path = .;
			sourceTree = "<group>";
		};
/* End PBXVariantGroup section */

/* Begin XCBuildConfiguration section */
		C65847D81B13B09C003A5F0C /* Debug */ = {
			isa = XCBuildConfiguration;
			buildSettings = {
				ALWAYS_SEARCH_USER_PATHS = NO;
				CLANG_CXX_LANGUAGE_STANDARD = "gnu++0x";
				CLANG_CXX_LIBRARY = "libc++";
				CLANG_ENABLE_MODULES = YES;
				CLANG_ENABLE_OBJC_ARC = YES;
				CLANG_WARN_BOOL_CONVERSION = YES;
				CLANG_WARN_CONSTANT_CONVERSION = YES;
				CLANG_WARN_DIRECT_OBJC_ISA_USAGE = YES_ERROR;
				CLANG_WARN_EMPTY_BODY = YES;
				CLANG_WARN_ENUM_CONVERSION = YES;
				CLANG_WARN_INT_CONVERSION = YES;
				CLANG_WARN_OBJC_ROOT_CLASS = YES_ERROR;
				CLANG_WARN_UNREACHABLE_CODE = YES;
				CLANG_WARN__DUPLICATE_METHOD_MATCH = YES;
				"CODE_SIGN_IDENTITY[sdk=iphoneos*]" = "iPhone Developer";
				COPY_PHASE_STRIP = NO;
				DEBUG_INFORMATION_FORMAT = "dwarf-with-dsym";
				ENABLE_STRICT_OBJC_MSGSEND = YES;
				GCC_C_LANGUAGE_STANDARD = gnu99;
				GCC_DYNAMIC_NO_PIC = NO;
				GCC_NO_COMMON_BLOCKS = YES;
				GCC_OPTIMIZATION_LEVEL = 0;
				GCC_PREPROCESSOR_DEFINITIONS = (
					"DEBUG=1",
					"$(inherited)",
				);
				GCC_SYMBOLS_PRIVATE_EXTERN = NO;
				GCC_WARN_64_TO_32_BIT_CONVERSION = YES;
				GCC_WARN_ABOUT_RETURN_TYPE = YES_ERROR;
				GCC_WARN_UNDECLARED_SELECTOR = YES;
				GCC_WARN_UNINITIALIZED_AUTOS = YES_AGGRESSIVE;
				GCC_WARN_UNUSED_FUNCTION = YES;
				GCC_WARN_UNUSED_VARIABLE = YES;
				IPHONEOS_DEPLOYMENT_TARGET = 8.3;
				MTL_ENABLE_DEBUG_INFO = YES;
				ONLY_ACTIVE_ARCH = YES;
				SDKROOT = iphoneos;
				SWIFT_OPTIMIZATION_LEVEL = "-Onone";
			};
			name = Debug;
		};
		C65847D91B13B09C003A5F0C /* Release */ = {
			isa = XCBuildConfiguration;
			buildSettings = {
				ALWAYS_SEARCH_USER_PATHS = NO;
				CLANG_CXX_LANGUAGE_STANDARD = "gnu++0x";
				CLANG_CXX_LIBRARY = "libc++";
				CLANG_ENABLE_MODULES = YES;
				CLANG_ENABLE_OBJC_ARC = YES;
				CLANG_WARN_BOOL_CONVERSION = YES;
				CLANG_WARN_CONSTANT_CONVERSION = YES;
				CLANG_WARN_DIRECT_OBJC_ISA_USAGE = YES_ERROR;
				CLANG_WARN_EMPTY_BODY = YES;
				CLANG_WARN_ENUM_CONVERSION = YES;
				CLANG_WARN_INT_CONVERSION = YES;
				CLANG_WARN_OBJC_ROOT_CLASS = YES_ERROR;
				CLANG_WARN_UNREACHABLE_CODE = YES;
				CLANG_WARN__DUPLICATE_METHOD_MATCH = YES;
				"CODE_SIGN_IDENTITY[sdk=iphoneos*]" = "iPhone Developer";
				COPY_PHASE_STRIP = NO;
				DEBUG_INFORMATION_FORMAT = "dwarf-with-dsym";
				ENABLE_NS_ASSERTIONS = NO;
				ENABLE_STRICT_OBJC_MSGSEND = YES;
				GCC_C_LANGUAGE_STANDARD = gnu99;
				GCC_NO_COMMON_BLOCKS = YES;
				GCC_WARN_64_TO_32_BIT_CONVERSION = YES;
				GCC_WARN_ABOUT_RETURN_TYPE = YES_ERROR;
				GCC_WARN_UNDECLARED_SELECTOR = YES;
				GCC_WARN_UNINITIALIZED_AUTOS = YES_AGGRESSIVE;
				GCC_WARN_UNUSED_FUNCTION = YES;
				GCC_WARN_UNUSED_VARIABLE = YES;
				IPHONEOS_DEPLOYMENT_TARGET = 8.3;
				MTL_ENABLE_DEBUG_INFO = NO;
				SDKROOT = iphoneos;
				VALIDATE_PRODUCT = YES;
			};
			name = Release;
		};
		C65847DB1B13B09C003A5F0C /* Debug */ = {
			isa = XCBuildConfiguration;
			baseConfigurationReference = 2578B74674507D082E9676C8 /* Pods.debug.xcconfig */;
			buildSettings = {
				ASSETCATALOG_COMPILER_APPICON_NAME = AppIcon;
				GCC_GENERATE_TEST_COVERAGE_FILES = NO;
				INFOPLIST_FILE = "RedditMusic/Supporting Files/Info.plist";
				LD_RUNPATH_SEARCH_PATHS = "$(inherited) @executable_path/Frameworks";
				PRODUCT_NAME = RedditMusic;
			};
			name = Debug;
		};
		C65847DC1B13B09C003A5F0C /* Release */ = {
			isa = XCBuildConfiguration;
			baseConfigurationReference = D8C03F21780D3B93D2AFCF38 /* Pods.release.xcconfig */;
			buildSettings = {
				ASSETCATALOG_COMPILER_APPICON_NAME = AppIcon;
				GCC_GENERATE_TEST_COVERAGE_FILES = NO;
				INFOPLIST_FILE = "RedditMusic/Supporting Files/Info.plist";
				LD_RUNPATH_SEARCH_PATHS = "$(inherited) @executable_path/Frameworks";
				PRODUCT_NAME = RedditMusic;
			};
			name = Release;
		};
		C65847DE1B13B09C003A5F0C /* Debug */ = {
			isa = XCBuildConfiguration;
			buildSettings = {
				BUNDLE_LOADER = "$(TEST_HOST)";
				FRAMEWORK_SEARCH_PATHS = (
					"$(SDKROOT)/Developer/Library/Frameworks",
					"$(inherited)",
				);
				GCC_PREPROCESSOR_DEFINITIONS = (
					"DEBUG=1",
					"$(inherited)",
				);
				INFOPLIST_FILE = "RedditMusicTests/Supporting Files/Info.plist";
				LD_RUNPATH_SEARCH_PATHS = "$(inherited) @executable_path/Frameworks @loader_path/Frameworks";
				PRODUCT_NAME = RedditMusicTests;
				TEST_HOST = "$(BUILT_PRODUCTS_DIR)/RedditMusic.app/RedditMusic";
			};
			name = Debug;
		};
		C65847DF1B13B09C003A5F0C /* Release */ = {
			isa = XCBuildConfiguration;
			buildSettings = {
				BUNDLE_LOADER = "$(TEST_HOST)";
				FRAMEWORK_SEARCH_PATHS = (
					"$(SDKROOT)/Developer/Library/Frameworks",
					"$(inherited)",
				);
				INFOPLIST_FILE = "RedditMusicTests/Supporting Files/Info.plist";
				LD_RUNPATH_SEARCH_PATHS = "$(inherited) @executable_path/Frameworks @loader_path/Frameworks";
				PRODUCT_NAME = RedditMusicTests;
				TEST_HOST = "$(BUILT_PRODUCTS_DIR)/RedditMusic.app/RedditMusic";
			};
			name = Release;
		};
/* End XCBuildConfiguration section */

/* Begin XCConfigurationList section */
		C65847B61B13B09C003A5F0C /* Build configuration list for PBXProject "RedditMusic" */ = {
			isa = XCConfigurationList;
			buildConfigurations = (
				C65847D81B13B09C003A5F0C /* Debug */,
				C65847D91B13B09C003A5F0C /* Release */,
			);
			defaultConfigurationIsVisible = 0;
			defaultConfigurationName = Release;
		};
		C65847DA1B13B09C003A5F0C /* Build configuration list for PBXNativeTarget "RedditMusic" */ = {
			isa = XCConfigurationList;
			buildConfigurations = (
				C65847DB1B13B09C003A5F0C /* Debug */,
				C65847DC1B13B09C003A5F0C /* Release */,
			);
			defaultConfigurationIsVisible = 0;
			defaultConfigurationName = Release;
		};
		C65847DD1B13B09C003A5F0C /* Build configuration list for PBXNativeTarget "RedditMusicTests" */ = {
			isa = XCConfigurationList;
			buildConfigurations = (
				C65847DE1B13B09C003A5F0C /* Debug */,
				C65847DF1B13B09C003A5F0C /* Release */,
			);
			defaultConfigurationIsVisible = 0;
			defaultConfigurationName = Release;
		};
/* End XCConfigurationList section */
	};
	rootObject = C65847B31B13B09C003A5F0C /* Project object */;
}
